// !$*UTF8*$!
{
	archiveVersion = 1;
	classes = {
	};
	objectVersion = 52;
	objects = {

/* Begin PBXBuildFile section */
		E136DDA32423660500423B0F /* ReportParser.swift in Sources */ = {isa = PBXBuildFile; fileRef = E136DDA22423660500423B0F /* ReportParser.swift */; };
		E15C2E4E241F98620025EC41 /* AppDelegate.swift in Sources */ = {isa = PBXBuildFile; fileRef = E15C2E4D241F98620025EC41 /* AppDelegate.swift */; };
		E15C2E50241F98620025EC41 /* SceneDelegate.swift in Sources */ = {isa = PBXBuildFile; fileRef = E15C2E4F241F98620025EC41 /* SceneDelegate.swift */; };
		E15C2E52241F98620025EC41 /* MapViewController.swift in Sources */ = {isa = PBXBuildFile; fileRef = E15C2E51241F98620025EC41 /* MapViewController.swift */; };
		E15C2E55241F98620025EC41 /* Main.storyboard in Resources */ = {isa = PBXBuildFile; fileRef = E15C2E53241F98620025EC41 /* Main.storyboard */; };
		E15C2E57241F987A0025EC41 /* Assets.xcassets in Resources */ = {isa = PBXBuildFile; fileRef = E15C2E56241F987A0025EC41 /* Assets.xcassets */; };
		E15C2E5A241F987B0025EC41 /* LaunchScreen.storyboard in Resources */ = {isa = PBXBuildFile; fileRef = E15C2E58241F987B0025EC41 /* LaunchScreen.storyboard */; };
		E15C2E65241FCC150025EC41 /* FloatingPanel in Frameworks */ = {isa = PBXBuildFile; productRef = E15C2E64241FCC150025EC41 /* FloatingPanel */; };
		E15C2E68241FD6EB0025EC41 /* PromiseKit in Frameworks */ = {isa = PBXBuildFile; productRef = E15C2E67241FD6EB0025EC41 /* PromiseKit */; };
		E15C2E6B241FD72D0025EC41 /* Disk in Frameworks */ = {isa = PBXBuildFile; productRef = E15C2E6A241FD72D0025EC41 /* Disk */; };
		E15C2E6E241FD79F0025EC41 /* CSV in Frameworks */ = {isa = PBXBuildFile; productRef = E15C2E6D241FD79F0025EC41 /* CSV */; };
		E15C2E71241FD8370025EC41 /* Charts in Frameworks */ = {isa = PBXBuildFile; productRef = E15C2E70241FD8370025EC41 /* Charts */; };
		E1A33A4B2420CAA200B85993 /* report.json in Resources */ = {isa = PBXBuildFile; fileRef = E1A33A452420CAA100B85993 /* report.json */; };
		E1A33A4C2420CAA200B85993 /* time_series_19-covid-Recovered.csv in Resources */ = {isa = PBXBuildFile; fileRef = E1A33A462420CAA100B85993 /* time_series_19-covid-Recovered.csv */; };
		E1A33A4D2420CAA200B85993 /* time_series_19-covid-Deaths.csv in Resources */ = {isa = PBXBuildFile; fileRef = E1A33A472420CAA100B85993 /* time_series_19-covid-Deaths.csv */; };
		E1A33A4E2420CAA200B85993 /* globlal.json in Resources */ = {isa = PBXBuildFile; fileRef = E1A33A482420CAA100B85993 /* globlal.json */; };
		E1A33A4F2420CAA200B85993 /* 03-16-2020.csv in Resources */ = {isa = PBXBuildFile; fileRef = E1A33A492420CAA100B85993 /* 03-16-2020.csv */; };
		E1A33A502420CAA200B85993 /* time_series_19-covid-Confirmed.csv in Resources */ = {isa = PBXBuildFile; fileRef = E1A33A4A2420CAA100B85993 /* time_series_19-covid-Confirmed.csv */; };
		E1A33A7124223E6400B85993 /* Report.swift in Sources */ = {isa = PBXBuildFile; fileRef = E1A33A7024223E6400B85993 /* Report.swift */; };
		E1A33A7324223E8200B85993 /* Coordinate.swift in Sources */ = {isa = PBXBuildFile; fileRef = E1A33A7224223E8200B85993 /* Coordinate.swift */; };
		E1A33A7524223EA000B85993 /* Region.swift in Sources */ = {isa = PBXBuildFile; fileRef = E1A33A7424223EA000B85993 /* Region.swift */; };
		E1A33A7724223EB800B85993 /* Statistic.swift in Sources */ = {isa = PBXBuildFile; fileRef = E1A33A7624223EB800B85993 /* Statistic.swift */; };
/* End PBXBuildFile section */

/* Begin PBXFileReference section */
		E136DDA22423660500423B0F /* ReportParser.swift */ = {isa = PBXFileReference; lastKnownFileType = sourcecode.swift; path = ReportParser.swift; sourceTree = "<group>"; };
		E15C2E4A241F98620025EC41 /* CoronaVirus.app */ = {isa = PBXFileReference; explicitFileType = wrapper.application; includeInIndex = 0; path = CoronaVirus.app; sourceTree = BUILT_PRODUCTS_DIR; };
		E15C2E4D241F98620025EC41 /* AppDelegate.swift */ = {isa = PBXFileReference; lastKnownFileType = sourcecode.swift; path = AppDelegate.swift; sourceTree = "<group>"; };
		E15C2E4F241F98620025EC41 /* SceneDelegate.swift */ = {isa = PBXFileReference; lastKnownFileType = sourcecode.swift; path = SceneDelegate.swift; sourceTree = "<group>"; };
		E15C2E51241F98620025EC41 /* MapViewController.swift */ = {isa = PBXFileReference; lastKnownFileType = sourcecode.swift; path = MapViewController.swift; sourceTree = "<group>"; };
		E15C2E54241F98620025EC41 /* Base */ = {isa = PBXFileReference; lastKnownFileType = file.storyboard; name = Base; path = Base.lproj/Main.storyboard; sourceTree = "<group>"; };
		E15C2E56241F987A0025EC41 /* Assets.xcassets */ = {isa = PBXFileReference; lastKnownFileType = folder.assetcatalog; path = Assets.xcassets; sourceTree = "<group>"; };
		E15C2E59241F987B0025EC41 /* Base */ = {isa = PBXFileReference; lastKnownFileType = file.storyboard; name = Base; path = Base.lproj/LaunchScreen.storyboard; sourceTree = "<group>"; };
		E15C2E5B241F987B0025EC41 /* Info.plist */ = {isa = PBXFileReference; lastKnownFileType = text.plist.xml; path = Info.plist; sourceTree = "<group>"; };
		E1A33A452420CAA100B85993 /* report.json */ = {isa = PBXFileReference; fileEncoding = 4; lastKnownFileType = text.json; path = report.json; sourceTree = "<group>"; };
		E1A33A462420CAA100B85993 /* time_series_19-covid-Recovered.csv */ = {isa = PBXFileReference; fileEncoding = 4; lastKnownFileType = text; path = "time_series_19-covid-Recovered.csv"; sourceTree = "<group>"; };
		E1A33A472420CAA100B85993 /* time_series_19-covid-Deaths.csv */ = {isa = PBXFileReference; fileEncoding = 4; lastKnownFileType = text; path = "time_series_19-covid-Deaths.csv"; sourceTree = "<group>"; };
		E1A33A482420CAA100B85993 /* globlal.json */ = {isa = PBXFileReference; fileEncoding = 4; lastKnownFileType = text.json; path = globlal.json; sourceTree = "<group>"; };
		E1A33A492420CAA100B85993 /* 03-16-2020.csv */ = {isa = PBXFileReference; fileEncoding = 4; lastKnownFileType = text; path = "03-16-2020.csv"; sourceTree = "<group>"; };
		E1A33A4A2420CAA100B85993 /* time_series_19-covid-Confirmed.csv */ = {isa = PBXFileReference; fileEncoding = 4; lastKnownFileType = text; path = "time_series_19-covid-Confirmed.csv"; sourceTree = "<group>"; };
		E1A33A7024223E6400B85993 /* Report.swift */ = {isa = PBXFileReference; lastKnownFileType = sourcecode.swift; path = Report.swift; sourceTree = "<group>"; };
		E1A33A7224223E8200B85993 /* Coordinate.swift */ = {isa = PBXFileReference; lastKnownFileType = sourcecode.swift; path = Coordinate.swift; sourceTree = "<group>"; };
		E1A33A7424223EA000B85993 /* Region.swift */ = {isa = PBXFileReference; lastKnownFileType = sourcecode.swift; path = Region.swift; sourceTree = "<group>"; };
		E1A33A7624223EB800B85993 /* Statistic.swift */ = {isa = PBXFileReference; lastKnownFileType = sourcecode.swift; path = Statistic.swift; sourceTree = "<group>"; };
/* End PBXFileReference section */

/* Begin PBXFrameworksBuildPhase section */
		E15C2E47241F98620025EC41 /* Frameworks */ = {
			isa = PBXFrameworksBuildPhase;
			buildActionMask = 2147483647;
			files = (
				E15C2E71241FD8370025EC41 /* Charts in Frameworks */,
				E15C2E65241FCC150025EC41 /* FloatingPanel in Frameworks */,
				E15C2E6B241FD72D0025EC41 /* Disk in Frameworks */,
				E15C2E68241FD6EB0025EC41 /* PromiseKit in Frameworks */,
				E15C2E6E241FD79F0025EC41 /* CSV in Frameworks */,
			);
			runOnlyForDeploymentPostprocessing = 0;
		};
/* End PBXFrameworksBuildPhase section */

/* Begin PBXGroup section */
		E15C2E41241F98610025EC41 = {
			isa = PBXGroup;
			children = (
				E15C2E4C241F98620025EC41 /* CoronaVirus */,
				E15C2E4B241F98620025EC41 /* Products */,
			);
			sourceTree = "<group>";
		};
		E15C2E4B241F98620025EC41 /* Products */ = {
			isa = PBXGroup;
			children = (
				E15C2E4A241F98620025EC41 /* CoronaVirus.app */,
			);
			name = Products;
			sourceTree = "<group>";
		};
		E15C2E4C241F98620025EC41 /* CoronaVirus */ = {
			isa = PBXGroup;
			children = (
				E15C2E61241F99010025EC41 /* App */,
				E1A33A532420CE2C00B85993 /* DataLayer */,
				E1A33A592420DF0700B85993 /* View */,
				E1A33A522420CE1800B85993 /* Scenes */,
				E1A33A5A2420DF5E00B85993 /* Extensions */,
				E15C2E62241F99190025EC41 /* Resources */,
			);
			path = CoronaVirus;
			sourceTree = "<group>";
		};
		E15C2E61241F99010025EC41 /* App */ = {
			isa = PBXGroup;
			children = (
				E15C2E4D241F98620025EC41 /* AppDelegate.swift */,
				E15C2E4F241F98620025EC41 /* SceneDelegate.swift */,
			);
			path = App;
			sourceTree = "<group>";
		};
		E15C2E62241F99190025EC41 /* Resources */ = {
			isa = PBXGroup;
			children = (
				E1A33A442420CAA100B85993 /* Sample Data */,
				E15C2E53241F98620025EC41 /* Main.storyboard */,
				E15C2E56241F987A0025EC41 /* Assets.xcassets */,
				E15C2E58241F987B0025EC41 /* LaunchScreen.storyboard */,
				E15C2E5B241F987B0025EC41 /* Info.plist */,
			);
			path = Resources;
			sourceTree = "<group>";
		};
		E1A33A442420CAA100B85993 /* Sample Data */ = {
			isa = PBXGroup;
			children = (
				E1A33A452420CAA100B85993 /* report.json */,
				E1A33A482420CAA100B85993 /* globlal.json */,
				E1A33A462420CAA100B85993 /* time_series_19-covid-Recovered.csv */,
				E1A33A472420CAA100B85993 /* time_series_19-covid-Deaths.csv */,
				E1A33A4A2420CAA100B85993 /* time_series_19-covid-Confirmed.csv */,
				E1A33A492420CAA100B85993 /* 03-16-2020.csv */,
			);
			path = "Sample Data";
			sourceTree = "<group>";
		};
		E1A33A512420CE0000B85993 /* Model */ = {
			isa = PBXGroup;
			children = (
				E1A33A7024223E6400B85993 /* Report.swift */,
				E1A33A7224223E8200B85993 /* Coordinate.swift */,
				E1A33A7424223EA000B85993 /* Region.swift */,
				E1A33A7624223EB800B85993 /* Statistic.swift */,
			);
			path = Model;
			sourceTree = "<group>";
		};
		E1A33A522420CE1800B85993 /* Scenes */ = {
			isa = PBXGroup;
			children = (
				E1A33A582420DECE00B85993 /* Home */,
			);
			path = Scenes;
			sourceTree = "<group>";
		};
		E1A33A532420CE2C00B85993 /* DataLayer */ = {
			isa = PBXGroup;
			children = (
				E1A33A512420CE0000B85993 /* Model */,
				E1A33A572420CE5500B85993 /* Repositories */,
			);
			path = DataLayer;
			sourceTree = "<group>";
		};
		E1A33A572420CE5500B85993 /* Repositories */ = {
			isa = PBXGroup;
			children = (
				E1A33A6824221E8100B85993 /* Persistent */,
				E1A33A6724221E7800B85993 /* Remote */,
			);
			path = Repositories;
			sourceTree = "<group>";
		};
		E1A33A582420DECE00B85993 /* Home */ = {
			isa = PBXGroup;
			children = (
				E15C2E51241F98620025EC41 /* MapViewController.swift */,
			);
			path = Home;
			sourceTree = "<group>";
		};
		E1A33A592420DF0700B85993 /* View */ = {
			isa = PBXGroup;
			children = (
			);
			path = View;
			sourceTree = "<group>";
		};
		E1A33A5A2420DF5E00B85993 /* Extensions */ = {
			isa = PBXGroup;
			children = (
			);
			path = Extensions;
			sourceTree = "<group>";
		};
		E1A33A6724221E7800B85993 /* Remote */ = {
			isa = PBXGroup;
			children = (
				E136DDA22423660500423B0F /* ReportParser.swift */,
			);
			path = Remote;
			sourceTree = "<group>";
		};
		E1A33A6824221E8100B85993 /* Persistent */ = {
			isa = PBXGroup;
			children = (
			);
			path = Persistent;
			sourceTree = "<group>";
		};
/* End PBXGroup section */

/* Begin PBXNativeTarget section */
		E15C2E49241F98620025EC41 /* CoronaVirus */ = {
			isa = PBXNativeTarget;
			buildConfigurationList = E15C2E5E241F987B0025EC41 /* Build configuration list for PBXNativeTarget "CoronaVirus" */;
			buildPhases = (
				E15C2E46241F98620025EC41 /* Sources */,
				E15C2E47241F98620025EC41 /* Frameworks */,
				E15C2E48241F98620025EC41 /* Resources */,
			);
			buildRules = (
			);
			dependencies = (
			);
			name = CoronaVirus;
			packageProductDependencies = (
				E15C2E64241FCC150025EC41 /* FloatingPanel */,
				E15C2E67241FD6EB0025EC41 /* PromiseKit */,
				E15C2E6A241FD72D0025EC41 /* Disk */,
				E15C2E6D241FD79F0025EC41 /* CSV */,
				E15C2E70241FD8370025EC41 /* Charts */,
			);
			productName = CoronaVirus;
			productReference = E15C2E4A241F98620025EC41 /* CoronaVirus.app */;
			productType = "com.apple.product-type.application";
		};
/* End PBXNativeTarget section */

/* Begin PBXProject section */
		E15C2E42241F98610025EC41 /* Project object */ = {
			isa = PBXProject;
			attributes = {
				LastSwiftUpdateCheck = 1130;
				LastUpgradeCheck = 1130;
				ORGANIZATIONNAME = "Tran Tuan Hai";
				TargetAttributes = {
					E15C2E49241F98620025EC41 = {
						CreatedOnToolsVersion = 11.3;
					};
				};
			};
			buildConfigurationList = E15C2E45241F98610025EC41 /* Build configuration list for PBXProject "CoronaVirus" */;
			compatibilityVersion = "Xcode 9.3";
			developmentRegion = en;
			hasScannedForEncodings = 0;
			knownRegions = (
				en,
				Base,
			);
			mainGroup = E15C2E41241F98610025EC41;
			packageReferences = (
				E15C2E63241FCC150025EC41 /* XCRemoteSwiftPackageReference "FloatingPanel" */,
				E15C2E66241FD6EB0025EC41 /* XCRemoteSwiftPackageReference "PromiseKit" */,
				E15C2E69241FD72D0025EC41 /* XCRemoteSwiftPackageReference "Disk" */,
				E15C2E6C241FD79F0025EC41 /* XCRemoteSwiftPackageReference "CSV.swift" */,
				E15C2E6F241FD8370025EC41 /* XCRemoteSwiftPackageReference "Charts" */,
			);
			productRefGroup = E15C2E4B241F98620025EC41 /* Products */;
			projectDirPath = "";
			projectRoot = "";
			targets = (
				E15C2E49241F98620025EC41 /* CoronaVirus */,
			);
		};
/* End PBXProject section */

/* Begin PBXResourcesBuildPhase section */
		E15C2E48241F98620025EC41 /* Resources */ = {
			isa = PBXResourcesBuildPhase;
			buildActionMask = 2147483647;
			files = (
				E1A33A4F2420CAA200B85993 /* 03-16-2020.csv in Resources */,
				E15C2E5A241F987B0025EC41 /* LaunchScreen.storyboard in Resources */,
				E1A33A4E2420CAA200B85993 /* globlal.json in Resources */,
				E1A33A4D2420CAA200B85993 /* time_series_19-covid-Deaths.csv in Resources */,
				E15C2E57241F987A0025EC41 /* Assets.xcassets in Resources */,
				E1A33A502420CAA200B85993 /* time_series_19-covid-Confirmed.csv in Resources */,
				E15C2E55241F98620025EC41 /* Main.storyboard in Resources */,
				E1A33A4B2420CAA200B85993 /* report.json in Resources */,
				E1A33A4C2420CAA200B85993 /* time_series_19-covid-Recovered.csv in Resources */,
			);
			runOnlyForDeploymentPostprocessing = 0;
		};
/* End PBXResourcesBuildPhase section */

/* Begin PBXSourcesBuildPhase section */
		E15C2E46241F98620025EC41 /* Sources */ = {
			isa = PBXSourcesBuildPhase;
			buildActionMask = 2147483647;
			files = (
				E1A33A7324223E8200B85993 /* Coordinate.swift in Sources */,
				E15C2E52241F98620025EC41 /* MapViewController.swift in Sources */,
				E1A33A7524223EA000B85993 /* Region.swift in Sources */,
				E15C2E4E241F98620025EC41 /* AppDelegate.swift in Sources */,
				E136DDA32423660500423B0F /* ReportParser.swift in Sources */,
				E15C2E50241F98620025EC41 /* SceneDelegate.swift in Sources */,
				E1A33A7724223EB800B85993 /* Statistic.swift in Sources */,
				E1A33A7124223E6400B85993 /* Report.swift in Sources */,
			);
			runOnlyForDeploymentPostprocessing = 0;
		};
/* End PBXSourcesBuildPhase section */

/* Begin PBXVariantGroup section */
		E15C2E53241F98620025EC41 /* Main.storyboard */ = {
			isa = PBXVariantGroup;
			children = (
				E15C2E54241F98620025EC41 /* Base */,
			);
			name = Main.storyboard;
			sourceTree = "<group>";
		};
		E15C2E58241F987B0025EC41 /* LaunchScreen.storyboard */ = {
			isa = PBXVariantGroup;
			children = (
				E15C2E59241F987B0025EC41 /* Base */,
			);
			name = LaunchScreen.storyboard;
			sourceTree = "<group>";
		};
/* End PBXVariantGroup section */

/* Begin XCBuildConfiguration section */
		E15C2E5C241F987B0025EC41 /* Debug */ = {
			isa = XCBuildConfiguration;
			buildSettings = {
				ALWAYS_SEARCH_USER_PATHS = NO;
				CLANG_ANALYZER_NONNULL = YES;
				CLANG_ANALYZER_NUMBER_OBJECT_CONVERSION = YES_AGGRESSIVE;
				CLANG_CXX_LANGUAGE_STANDARD = "gnu++14";
				CLANG_CXX_LIBRARY = "libc++";
				CLANG_ENABLE_MODULES = YES;
				CLANG_ENABLE_OBJC_ARC = YES;
				CLANG_ENABLE_OBJC_WEAK = YES;
				CLANG_WARN_BLOCK_CAPTURE_AUTORELEASING = YES;
				CLANG_WARN_BOOL_CONVERSION = YES;
				CLANG_WARN_COMMA = YES;
				CLANG_WARN_CONSTANT_CONVERSION = YES;
				CLANG_WARN_DEPRECATED_OBJC_IMPLEMENTATIONS = YES;
				CLANG_WARN_DIRECT_OBJC_ISA_USAGE = YES_ERROR;
				CLANG_WARN_DOCUMENTATION_COMMENTS = YES;
				CLANG_WARN_EMPTY_BODY = YES;
				CLANG_WARN_ENUM_CONVERSION = YES;
				CLANG_WARN_INFINITE_RECURSION = YES;
				CLANG_WARN_INT_CONVERSION = YES;
				CLANG_WARN_NON_LITERAL_NULL_CONVERSION = YES;
				CLANG_WARN_OBJC_IMPLICIT_RETAIN_SELF = YES;
				CLANG_WARN_OBJC_LITERAL_CONVERSION = YES;
				CLANG_WARN_OBJC_ROOT_CLASS = YES_ERROR;
				CLANG_WARN_RANGE_LOOP_ANALYSIS = YES;
				CLANG_WARN_STRICT_PROTOTYPES = YES;
				CLANG_WARN_SUSPICIOUS_MOVE = YES;
				CLANG_WARN_UNGUARDED_AVAILABILITY = YES_AGGRESSIVE;
				CLANG_WARN_UNREACHABLE_CODE = YES;
				CLANG_WARN__DUPLICATE_METHOD_MATCH = YES;
				COPY_PHASE_STRIP = NO;
				DEBUG_INFORMATION_FORMAT = dwarf;
				ENABLE_STRICT_OBJC_MSGSEND = YES;
				ENABLE_TESTABILITY = YES;
				GCC_C_LANGUAGE_STANDARD = gnu11;
				GCC_DYNAMIC_NO_PIC = NO;
				GCC_NO_COMMON_BLOCKS = YES;
				GCC_OPTIMIZATION_LEVEL = 0;
				GCC_PREPROCESSOR_DEFINITIONS = (
					"DEBUG=1",
					"$(inherited)",
				);
				GCC_WARN_64_TO_32_BIT_CONVERSION = YES;
				GCC_WARN_ABOUT_RETURN_TYPE = YES_ERROR;
				GCC_WARN_UNDECLARED_SELECTOR = YES;
				GCC_WARN_UNINITIALIZED_AUTOS = YES_AGGRESSIVE;
				GCC_WARN_UNUSED_FUNCTION = YES;
				GCC_WARN_UNUSED_VARIABLE = YES;
				IPHONEOS_DEPLOYMENT_TARGET = 13.2;
				MTL_ENABLE_DEBUG_INFO = INCLUDE_SOURCE;
				MTL_FAST_MATH = YES;
				ONLY_ACTIVE_ARCH = YES;
				SDKROOT = iphoneos;
				SWIFT_ACTIVE_COMPILATION_CONDITIONS = DEBUG;
				SWIFT_OPTIMIZATION_LEVEL = "-Onone";
			};
			name = Debug;
		};
		E15C2E5D241F987B0025EC41 /* Release */ = {
			isa = XCBuildConfiguration;
			buildSettings = {
				ALWAYS_SEARCH_USER_PATHS = NO;
				CLANG_ANALYZER_NONNULL = YES;
				CLANG_ANALYZER_NUMBER_OBJECT_CONVERSION = YES_AGGRESSIVE;
				CLANG_CXX_LANGUAGE_STANDARD = "gnu++14";
				CLANG_CXX_LIBRARY = "libc++";
				CLANG_ENABLE_MODULES = YES;
				CLANG_ENABLE_OBJC_ARC = YES;
				CLANG_ENABLE_OBJC_WEAK = YES;
				CLANG_WARN_BLOCK_CAPTURE_AUTORELEASING = YES;
				CLANG_WARN_BOOL_CONVERSION = YES;
				CLANG_WARN_COMMA = YES;
				CLANG_WARN_CONSTANT_CONVERSION = YES;
				CLANG_WARN_DEPRECATED_OBJC_IMPLEMENTATIONS = YES;
				CLANG_WARN_DIRECT_OBJC_ISA_USAGE = YES_ERROR;
				CLANG_WARN_DOCUMENTATION_COMMENTS = YES;
				CLANG_WARN_EMPTY_BODY = YES;
				CLANG_WARN_ENUM_CONVERSION = YES;
				CLANG_WARN_INFINITE_RECURSION = YES;
				CLANG_WARN_INT_CONVERSION = YES;
				CLANG_WARN_NON_LITERAL_NULL_CONVERSION = YES;
				CLANG_WARN_OBJC_IMPLICIT_RETAIN_SELF = YES;
				CLANG_WARN_OBJC_LITERAL_CONVERSION = YES;
				CLANG_WARN_OBJC_ROOT_CLASS = YES_ERROR;
				CLANG_WARN_RANGE_LOOP_ANALYSIS = YES;
				CLANG_WARN_STRICT_PROTOTYPES = YES;
				CLANG_WARN_SUSPICIOUS_MOVE = YES;
				CLANG_WARN_UNGUARDED_AVAILABILITY = YES_AGGRESSIVE;
				CLANG_WARN_UNREACHABLE_CODE = YES;
				CLANG_WARN__DUPLICATE_METHOD_MATCH = YES;
				COPY_PHASE_STRIP = NO;
				DEBUG_INFORMATION_FORMAT = "dwarf-with-dsym";
				ENABLE_NS_ASSERTIONS = NO;
				ENABLE_STRICT_OBJC_MSGSEND = YES;
				GCC_C_LANGUAGE_STANDARD = gnu11;
				GCC_NO_COMMON_BLOCKS = YES;
				GCC_WARN_64_TO_32_BIT_CONVERSION = YES;
				GCC_WARN_ABOUT_RETURN_TYPE = YES_ERROR;
				GCC_WARN_UNDECLARED_SELECTOR = YES;
				GCC_WARN_UNINITIALIZED_AUTOS = YES_AGGRESSIVE;
				GCC_WARN_UNUSED_FUNCTION = YES;
				GCC_WARN_UNUSED_VARIABLE = YES;
				IPHONEOS_DEPLOYMENT_TARGET = 13.2;
				MTL_ENABLE_DEBUG_INFO = NO;
				MTL_FAST_MATH = YES;
				SDKROOT = iphoneos;
				SWIFT_COMPILATION_MODE = wholemodule;
				SWIFT_OPTIMIZATION_LEVEL = "-O";
				VALIDATE_PRODUCT = YES;
			};
			name = Release;
		};
		E15C2E5F241F987B0025EC41 /* Debug */ = {
			isa = XCBuildConfiguration;
			buildSettings = {
				ASSETCATALOG_COMPILER_APPICON_NAME = AppIcon;
				CODE_SIGN_STYLE = Automatic;
				INFOPLIST_FILE = CoronaVirus/Resources/Info.plist;
				LD_RUNPATH_SEARCH_PATHS = (
					"$(inherited)",
					"@executable_path/Frameworks",
				);
				PRODUCT_BUNDLE_IDENTIFIER = com.tumblr.whoistuanhai.CoronaVirus;
				PRODUCT_NAME = "$(TARGET_NAME)";
				SWIFT_VERSION = 5.0;
				TARGETED_DEVICE_FAMILY = "1,2";
			};
			name = Debug;
		};
		E15C2E60241F987B0025EC41 /* Release */ = {
			isa = XCBuildConfiguration;
			buildSettings = {
				ASSETCATALOG_COMPILER_APPICON_NAME = AppIcon;
				CODE_SIGN_STYLE = Automatic;
				INFOPLIST_FILE = CoronaVirus/Resources/Info.plist;
				LD_RUNPATH_SEARCH_PATHS = (
					"$(inherited)",
					"@executable_path/Frameworks",
				);
				PRODUCT_BUNDLE_IDENTIFIER = com.tumblr.whoistuanhai.CoronaVirus;
				PRODUCT_NAME = "$(TARGET_NAME)";
				SWIFT_VERSION = 5.0;
				TARGETED_DEVICE_FAMILY = "1,2";
			};
			name = Release;
		};
/* End XCBuildConfiguration section */

/* Begin XCConfigurationList section */
		E15C2E45241F98610025EC41 /* Build configuration list for PBXProject "CoronaVirus" */ = {
			isa = XCConfigurationList;
			buildConfigurations = (
				E15C2E5C241F987B0025EC41 /* Debug */,
				E15C2E5D241F987B0025EC41 /* Release */,
			);
			defaultConfigurationIsVisible = 0;
			defaultConfigurationName = Release;
		};
		E15C2E5E241F987B0025EC41 /* Build configuration list for PBXNativeTarget "CoronaVirus" */ = {
			isa = XCConfigurationList;
			buildConfigurations = (
				E15C2E5F241F987B0025EC41 /* Debug */,
				E15C2E60241F987B0025EC41 /* Release */,
			);
			defaultConfigurationIsVisible = 0;
			defaultConfigurationName = Release;
		};
/* End XCConfigurationList section */

/* Begin XCRemoteSwiftPackageReference section */
		E15C2E63241FCC150025EC41 /* XCRemoteSwiftPackageReference "FloatingPanel" */ = {
			isa = XCRemoteSwiftPackageReference;
			repositoryURL = "https://github.com/SCENEE/FloatingPanel.git";
			requirement = {
				kind = upToNextMajorVersion;
				minimumVersion = 1.7.4;
			};
		};
		E15C2E66241FD6EB0025EC41 /* XCRemoteSwiftPackageReference "PromiseKit" */ = {
			isa = XCRemoteSwiftPackageReference;
			repositoryURL = "https://github.com/mxcl/PromiseKit.git";
			requirement = {
				kind = upToNextMajorVersion;
				minimumVersion = 6.13.1;
			};
		};
		E15C2E69241FD72D0025EC41 /* XCRemoteSwiftPackageReference "Disk" */ = {
			isa = XCRemoteSwiftPackageReference;
			repositoryURL = "https://github.com/saoudrizwan/Disk.git";
			requirement = {
				kind = upToNextMajorVersion;
				minimumVersion = 0.6.4;
			};
		};
		E15C2E6C241FD79F0025EC41 /* XCRemoteSwiftPackageReference "CSV.swift" */ = {
			isa = XCRemoteSwiftPackageReference;
			repositoryURL = "https://github.com/yaslab/CSV.swift.git";
			requirement = {
				kind = upToNextMajorVersion;
				minimumVersion = 2.4.3;
			};
		};
		E15C2E6F241FD8370025EC41 /* XCRemoteSwiftPackageReference "Charts" */ = {
			isa = XCRemoteSwiftPackageReference;
			repositoryURL = "https://github.com/danielgindi/Charts.git";
			requirement = {
				kind = upToNextMajorVersion;
				minimumVersion = 3.4.0;
			};
		};
/* End XCRemoteSwiftPackageReference section */

/* Begin XCSwiftPackageProductDependency section */
		E15C2E64241FCC150025EC41 /* FloatingPanel */ = {
			isa = XCSwiftPackageProductDependency;
			package = E15C2E63241FCC150025EC41 /* XCRemoteSwiftPackageReference "FloatingPanel" */;
			productName = FloatingPanel;
		};
		E15C2E67241FD6EB0025EC41 /* PromiseKit */ = {
			isa = XCSwiftPackageProductDependency;
			package = E15C2E66241FD6EB0025EC41 /* XCRemoteSwiftPackageReference "PromiseKit" */;
			productName = PromiseKit;
		};
		E15C2E6A241FD72D0025EC41 /* Disk */ = {
			isa = XCSwiftPackageProductDependency;
			package = E15C2E69241FD72D0025EC41 /* XCRemoteSwiftPackageReference "Disk" */;
			productName = Disk;
		};
		E15C2E6D241FD79F0025EC41 /* CSV */ = {
			isa = XCSwiftPackageProductDependency;
			package = E15C2E6C241FD79F0025EC41 /* XCRemoteSwiftPackageReference "CSV.swift" */;
			productName = CSV;
		};
		E15C2E70241FD8370025EC41 /* Charts */ = {
			isa = XCSwiftPackageProductDependency;
			package = E15C2E6F241FD8370025EC41 /* XCRemoteSwiftPackageReference "Charts" */;
			productName = Charts;
		};
/* End XCSwiftPackageProductDependency section */
	};
	rootObject = E15C2E42241F98610025EC41 /* Project object */;
}
